# THIS IS AN AUTOGENERATED FILE. DO NOT EDIT THIS FILE DIRECTLY.
# yarn lockfile v1


csv-parse@4.16.2:
  version "4.16.2"
  resolved "https://registry.yarnpkg.com/csv-parse/-/csv-parse-4.16.2.tgz#cd7d25e9b9e1430ac6aa5ed9b5c1685e72d4a8d8"
  integrity sha512-eq2BhB6JiIJaNv61pH5EC+o/iyCBxT+g6ukLu2UoNyS5daCN8YlzhOsLHGt/t9sGraMYt/aizaXPLQoNvxlIMw==

minimist@1.2.5:
  version "1.2.5"
  resolved "https://registry.yarnpkg.com/minimist/-/minimist-1.2.5.tgz#67d66014b66a6a8aaa0c083c5fd58df4e4e97602"
  integrity sha512-FM9nNUYrRBAELZQT3xeZQ7fmMOBg6nWNmJKTcgsJeaLstP/UODVpGsr5OhXhhXg6f+qtJ8uiZ+PUxkDWcgIXLw==

mustache@2.3.0:
  version "2.3.0"
  resolved "https://registry.yarnpkg.com/mustache/-/mustache-2.3.0.tgz#4028f7778b17708a489930a6e52ac3bca0da41d0"
  integrity sha1-QCj3d4sXcIpImTCm5SrDvKDaQdA=
